
Microsoft Visual Studio Solution File, Format Version 12.00
# Visual Studio Version 17
VisualStudioVersion = 17.7.34031.279
MinimumVisualStudioVersion = 10.0.40219.1
Project("{FAE04EC0-301F-11D3-BF4B-00C04F79EFBC}") = "QuanLyBanSach_63134277", "QuanLyBanSach_63134277\QuanLyBanSach_63134277.csproj", "{1F3911AF-FB58-4FF2-8A53-1D2FB50AACBA}"
EndProject
Global
	GlobalSection(SolutionConfigurationPlatforms) = preSolution
		Debug|Any CPU = Debug|Any CPU
		Release|Any CPU = Release|Any CPU
	EndGlobalSection
	GlobalSection(ProjectConfigurationPlatforms) = postSolution
		{1F3911AF-FB58-4FF2-8A53-1D2FB50AACBA}.Debug|Any CPU.ActiveCfg = Debug|Any CPU
		{1F3911AF-FB58-4FF2-8A53-1D2FB50AACBA}.Debug|Any CPU.Build.0 = Debug|Any CPU
		{1F3911AF-FB58-4FF2-8A53-1D2FB50AACBA}.Release|Any CPU.ActiveCfg = Release|Any CPU
		{1F3911AF-FB58-4FF2-8A53-1D2FB50AACBA}.Release|Any CPU.Build.0 = Release|Any CPU
	EndGlobalSection
	GlobalSection(SolutionProperties) = preSolution
		HideSolutionNode = FALSE
	EndGlobalSection
	GlobalSection(ExtensibilityGlobals) = postSolution
		SolutionGuid = {1F387E1B-67BE-47CC-BDBC-AC3FCF448721}
	EndGlobalSection
EndGlobal
